
Microsoft Visual Studio Solution File, Format Version 12.00
# Visual Studio 15
VisualStudioVersion = 15.0.26124.0
MinimumVisualStudioVersion = 15.0.26124.0
Project("{FAE04EC0-301F-11D3-BF4B-00C04F79EFBC}") = "Ecommerce.Functions", "Ecommerce.Functions\Ecommerce.Functions.csproj", "{1D649D72-5AC2-433C-950D-13DB65179C19}"
EndProject
Project("{FAE04EC0-301F-11D3-BF4B-00C04F79EFBC}") = "Ecommerce.Application", "Ecommerce.Application\Ecommerce.Application.csproj", "{9C18CF6E-C65A-488D-80EB-D063495F8294}"
EndProject
Project("{FAE04EC0-301F-11D3-BF4B-00C04F79EFBC}") = "Ecommerce.EmailService", "Ecommerce.EmailService\Ecommerce.EmailService.csproj", "{236255F6-40ED-46CB-B580-B2061C11EE2E}"
EndProject
Project("{FAE04EC0-301F-11D3-BF4B-00C04F79EFBC}") = "Ecommerce.Models", "Ecommerce.Models\Ecommerce.Models.csproj", "{1F2628FC-F616-43FA-966D-D82BB8077E15}"
EndProject
Global
	GlobalSection(SolutionConfigurationPlatforms) = preSolution
		Debug|Any CPU = Debug|Any CPU
		Debug|x64 = Debug|x64
		Debug|x86 = Debug|x86
		Release|Any CPU = Release|Any CPU
		Release|x64 = Release|x64
		Release|x86 = Release|x86
	EndGlobalSection
	GlobalSection(SolutionProperties) = preSolution
		HideSolutionNode = FALSE
	EndGlobalSection
	GlobalSection(ProjectConfigurationPlatforms) = postSolution
		{1D649D72-5AC2-433C-950D-13DB65179C19}.Debug|Any CPU.ActiveCfg = Debug|Any CPU
		{1D649D72-5AC2-433C-950D-13DB65179C19}.Debug|Any CPU.Build.0 = Debug|Any CPU
		{1D649D72-5AC2-433C-950D-13DB65179C19}.Debug|x64.ActiveCfg = Debug|Any CPU
		{1D649D72-5AC2-433C-950D-13DB65179C19}.Debug|x64.Build.0 = Debug|Any CPU
		{1D649D72-5AC2-433C-950D-13DB65179C19}.Debug|x86.ActiveCfg = Debug|Any CPU
		{1D649D72-5AC2-433C-950D-13DB65179C19}.Debug|x86.Build.0 = Debug|Any CPU
		{1D649D72-5AC2-433C-950D-13DB65179C19}.Release|Any CPU.ActiveCfg = Release|Any CPU
		{1D649D72-5AC2-433C-950D-13DB65179C19}.Release|Any CPU.Build.0 = Release|Any CPU
		{1D649D72-5AC2-433C-950D-13DB65179C19}.Release|x64.ActiveCfg = Release|Any CPU
		{1D649D72-5AC2-433C-950D-13DB65179C19}.Release|x64.Build.0 = Release|Any CPU
		{1D649D72-5AC2-433C-950D-13DB65179C19}.Release|x86.ActiveCfg = Release|Any CPU
		{1D649D72-5AC2-433C-950D-13DB65179C19}.Release|x86.Build.0 = Release|Any CPU
		{9C18CF6E-C65A-488D-80EB-D063495F8294}.Debug|Any CPU.ActiveCfg = Debug|Any CPU
		{9C18CF6E-C65A-488D-80EB-D063495F8294}.Debug|Any CPU.Build.0 = Debug|Any CPU
		{9C18CF6E-C65A-488D-80EB-D063495F8294}.Debug|x64.ActiveCfg = Debug|Any CPU
		{9C18CF6E-C65A-488D-80EB-D063495F8294}.Debug|x64.Build.0 = Debug|Any CPU
		{9C18CF6E-C65A-488D-80EB-D063495F8294}.Debug|x86.ActiveCfg = Debug|Any CPU
		{9C18CF6E-C65A-488D-80EB-D063495F8294}.Debug|x86.Build.0 = Debug|Any CPU
		{9C18CF6E-C65A-488D-80EB-D063495F8294}.Release|Any CPU.ActiveCfg = Release|Any CPU
		{9C18CF6E-C65A-488D-80EB-D063495F8294}.Release|Any CPU.Build.0 = Release|Any CPU
		{9C18CF6E-C65A-488D-80EB-D063495F8294}.Release|x64.ActiveCfg = Release|Any CPU
		{9C18CF6E-C65A-488D-80EB-D063495F8294}.Release|x64.Build.0 = Release|Any CPU
		{9C18CF6E-C65A-488D-80EB-D063495F8294}.Release|x86.ActiveCfg = Release|Any CPU
		{9C18CF6E-C65A-488D-80EB-D063495F8294}.Release|x86.Build.0 = Release|Any CPU
		{236255F6-40ED-46CB-B580-B2061C11EE2E}.Debug|Any CPU.ActiveCfg = Debug|Any CPU
		{236255F6-40ED-46CB-B580-B2061C11EE2E}.Debug|Any CPU.Build.0 = Debug|Any CPU
		{236255F6-40ED-46CB-B580-B2061C11EE2E}.Debug|x64.ActiveCfg = Debug|Any CPU
		{236255F6-40ED-46CB-B580-B2061C11EE2E}.Debug|x64.Build.0 = Debug|Any CPU
		{236255F6-40ED-46CB-B580-B2061C11EE2E}.Debug|x86.ActiveCfg = Debug|Any CPU
		{236255F6-40ED-46CB-B580-B2061C11EE2E}.Debug|x86.Build.0 = Debug|Any CPU
		{236255F6-40ED-46CB-B580-B2061C11EE2E}.Release|Any CPU.ActiveCfg = Release|Any CPU
		{236255F6-40ED-46CB-B580-B2061C11EE2E}.Release|Any CPU.Build.0 = Release|Any CPU
		{236255F6-40ED-46CB-B580-B2061C11EE2E}.Release|x64.ActiveCfg = Release|Any CPU
		{236255F6-40ED-46CB-B580-B2061C11EE2E}.Release|x64.Build.0 = Release|Any CPU
		{236255F6-40ED-46CB-B580-B2061C11EE2E}.Release|x86.ActiveCfg = Release|Any CPU
		{236255F6-40ED-46CB-B580-B2061C11EE2E}.Release|x86.Build.0 = Release|Any CPU
		{1F2628FC-F616-43FA-966D-D82BB8077E15}.Debug|Any CPU.ActiveCfg = Debug|Any CPU
		{1F2628FC-F616-43FA-966D-D82BB8077E15}.Debug|Any CPU.Build.0 = Debug|Any CPU
		{1F2628FC-F616-43FA-966D-D82BB8077E15}.Debug|x64.ActiveCfg = Debug|Any CPU
		{1F2628FC-F616-43FA-966D-D82BB8077E15}.Debug|x64.Build.0 = Debug|Any CPU
		{1F2628FC-F616-43FA-966D-D82BB8077E15}.Debug|x86.ActiveCfg = Debug|Any CPU
		{1F2628FC-F616-43FA-966D-D82BB8077E15}.Debug|x86.Build.0 = Debug|Any CPU
		{1F2628FC-F616-43FA-966D-D82BB8077E15}.Release|Any CPU.ActiveCfg = Release|Any CPU
		{1F2628FC-F616-43FA-966D-D82BB8077E15}.Release|Any CPU.Build.0 = Release|Any CPU
		{1F2628FC-F616-43FA-966D-D82BB8077E15}.Release|x64.ActiveCfg = Release|Any CPU
		{1F2628FC-F616-43FA-966D-D82BB8077E15}.Release|x64.Build.0 = Release|Any CPU
		{1F2628FC-F616-43FA-966D-D82BB8077E15}.Release|x86.ActiveCfg = Release|Any CPU
		{1F2628FC-F616-43FA-966D-D82BB8077E15}.Release|x86.Build.0 = Release|Any CPU
	EndGlobalSection
EndGlobal
